
Microsoft Visual Studio Solution File, Format Version 12.00
# Visual Studio Version 16
VisualStudioVersion = 16.0.31213.239
MinimumVisualStudioVersion = 10.0.40219.1
Project("{FAE04EC0-301F-11D3-BF4B-00C04F79EFBC}") = "SimulatedDevice", "SimulatedDevice\SimulatedDevice.csproj", "{9D9663DC-D142-43A6-BEEF-DB5D574CDE48}"
EndProject
Project("{FAE04EC0-301F-11D3-BF4B-00C04F79EFBC}") = "KafkaToADTAdapter", "KafkaToADTAdapter\KafkaToADTAdapter.csproj", "{583D7167-C505-4DD2-A907-F55A597B37BC}"
EndProject
Project("{FAE04EC0-301F-11D3-BF4B-00C04F79EFBC}") = "ADTToADXAdapter", "ADTToADXAdapter\ADTToADXAdapter.csproj", "{AADEC816-EC6C-4755-A659-CFF1FF9049E4}"
EndProject
Project("{2150E333-8FDC-42A3-9474-1A3956D46DE8}") = "scripts", "scripts", "{32D05825-62DF-48E8-AE5F-9EFEAC0594B4}"
EndProject
Global
	GlobalSection(SolutionConfigurationPlatforms) = preSolution
		Debug|Any CPU = Debug|Any CPU
		Release|Any CPU = Release|Any CPU
	EndGlobalSection
	GlobalSection(ProjectConfigurationPlatforms) = postSolution
		{9D9663DC-D142-43A6-BEEF-DB5D574CDE48}.Debug|Any CPU.ActiveCfg = Debug|Any CPU
		{9D9663DC-D142-43A6-BEEF-DB5D574CDE48}.Debug|Any CPU.Build.0 = Debug|Any CPU
		{9D9663DC-D142-43A6-BEEF-DB5D574CDE48}.Release|Any CPU.ActiveCfg = Release|Any CPU
		{9D9663DC-D142-43A6-BEEF-DB5D574CDE48}.Release|Any CPU.Build.0 = Release|Any CPU
		{583D7167-C505-4DD2-A907-F55A597B37BC}.Debug|Any CPU.ActiveCfg = Debug|Any CPU
		{583D7167-C505-4DD2-A907-F55A597B37BC}.Debug|Any CPU.Build.0 = Debug|Any CPU
		{583D7167-C505-4DD2-A907-F55A597B37BC}.Release|Any CPU.ActiveCfg = Release|Any CPU
		{583D7167-C505-4DD2-A907-F55A597B37BC}.Release|Any CPU.Build.0 = Release|Any CPU
		{AADEC816-EC6C-4755-A659-CFF1FF9049E4}.Debug|Any CPU.ActiveCfg = Debug|Any CPU
		{AADEC816-EC6C-4755-A659-CFF1FF9049E4}.Debug|Any CPU.Build.0 = Debug|Any CPU
		{AADEC816-EC6C-4755-A659-CFF1FF9049E4}.Release|Any CPU.ActiveCfg = Release|Any CPU
		{AADEC816-EC6C-4755-A659-CFF1FF9049E4}.Release|Any CPU.Build.0 = Release|Any CPU
	EndGlobalSection
	GlobalSection(SolutionProperties) = preSolution
		HideSolutionNode = FALSE
	EndGlobalSection
	GlobalSection(ExtensibilityGlobals) = postSolution
		SolutionGuid = {EB4B9A69-24B0-40D9-9B85-EB945705C30C}
	EndGlobalSection
EndGlobal
